Microsoft Visual Studio Solution File, Format Version 12.00
# Visual Studio Version 17
VisualStudioVersion = 17.5.2.0
MinimumVisualStudioVersion = 10.0.40219.1
Project("{FAE04EC0-301F-11D3-BF4B-00C04F79EFBC}") = "Bison", "Bison\Bison.csproj", "{6A1BAC31-3CEA-E41D-8C92-1A3AB40F57B2}"
EndProject
Project("{FAE04EC0-301F-11D3-BF4B-00C04F79EFBC}") = "BisonClient", "BisonClient\BisonClient.csproj", "{6BE90BFB-CE31-6AB6-6678-2EF77F157AC7}"
EndProject
Global
	GlobalSection(SolutionConfigurationPlatforms) = preSolution
		Debug|Any CPU = Debug|Any CPU
		Release|Any CPU = Release|Any CPU
	EndGlobalSection
	GlobalSection(ProjectConfigurationPlatforms) = postSolution
		{6A1BAC31-3CEA-E41D-8C92-1A3AB40F57B2}.Debug|Any CPU.ActiveCfg = Debug|Any CPU
		{6A1BAC31-3CEA-E41D-8C92-1A3AB40F57B2}.Debug|Any CPU.Build.0 = Debug|Any CPU
		{6A1BAC31-3CEA-E41D-8C92-1A3AB40F57B2}.Release|Any CPU.ActiveCfg = Release|Any CPU
		{6A1BAC31-3CEA-E41D-8C92-1A3AB40F57B2}.Release|Any CPU.Build.0 = Release|Any CPU
		{6BE90BFB-CE31-6AB6-6678-2EF77F157AC7}.Debug|Any CPU.ActiveCfg = Debug|Any CPU
		{6BE90BFB-CE31-6AB6-6678-2EF77F157AC7}.Debug|Any CPU.Build.0 = Debug|Any CPU
		{6BE90BFB-CE31-6AB6-6678-2EF77F157AC7}.Release|Any CPU.ActiveCfg = Release|Any CPU
		{6BE90BFB-CE31-6AB6-6678-2EF77F157AC7}.Release|Any CPU.Build.0 = Release|Any CPU
	EndGlobalSection
	GlobalSection(SolutionProperties) = preSolution
		HideSolutionNode = FALSE
	EndGlobalSection
	GlobalSection(ExtensibilityGlobals) = postSolution
		SolutionGuid = {7D0B5020-857F-446D-A1C5-EDEE65C4C7F9}
	EndGlobalSection
EndGlobal
